// !$*UTF8*$!
{
	archiveVersion = 1;
	classes = {
	};
	objectVersion = 48;
	objects = {

/* Begin PBXBuildFile section */
		6DC73FA81F9BF9350064E5AC /* AppDelegate.swift in Sources */ = {isa = PBXBuildFile; fileRef = 6DC73FA71F9BF9350064E5AC /* AppDelegate.swift */; };
		6DC73FAA1F9BF9350064E5AC /* ViewController.swift in Sources */ = {isa = PBXBuildFile; fileRef = 6DC73FA91F9BF9350064E5AC /* ViewController.swift */; };
		6DC73FAD1F9BF9350064E5AC /* Main.storyboard in Resources */ = {isa = PBXBuildFile; fileRef = 6DC73FAB1F9BF9350064E5AC /* Main.storyboard */; };
		6DC73FAF1F9BF9350064E5AC /* Assets.xcassets in Resources */ = {isa = PBXBuildFile; fileRef = 6DC73FAE1F9BF9350064E5AC /* Assets.xcassets */; };
		6DC73FB21F9BF9350064E5AC /* LaunchScreen.storyboard in Resources */ = {isa = PBXBuildFile; fileRef = 6DC73FB01F9BF9350064E5AC /* LaunchScreen.storyboard */; };
		6DC73FBD1F9BF9350064E5AC /* PhotoramaTests.swift in Sources */ = {isa = PBXBuildFile; fileRef = 6DC73FBC1F9BF9350064E5AC /* PhotoramaTests.swift */; };
		6DC73FC81F9BF9350064E5AC /* PhotoramaUITests.swift in Sources */ = {isa = PBXBuildFile; fileRef = 6DC73FC71F9BF9350064E5AC /* PhotoramaUITests.swift */; };
/* End PBXBuildFile section */

/* Begin PBXContainerItemProxy section */
		6DC73FB91F9BF9350064E5AC /* PBXContainerItemProxy */ = {
			isa = PBXContainerItemProxy;
			containerPortal = 6DC73F9C1F9BF9350064E5AC /* Project object */;
			proxyType = 1;
			remoteGlobalIDString = 6DC73FA31F9BF9350064E5AC;
			remoteInfo = Photorama;
		};
		6DC73FC41F9BF9350064E5AC /* PBXContainerItemProxy */ = {
			isa = PBXContainerItemProxy;
			containerPortal = 6DC73F9C1F9BF9350064E5AC /* Project object */;
			proxyType = 1;
			remoteGlobalIDString = 6DC73FA31F9BF9350064E5AC;
			remoteInfo = Photorama;
		};
/* End PBXContainerItemProxy section */

/* Begin PBXFileReference section */
		6DC73FA41F9BF9350064E5AC /* Photorama.app */ = {isa = PBXFileReference; explicitFileType = wrapper.application; includeInIndex = 0; path = Photorama.app; sourceTree = BUILT_PRODUCTS_DIR; };
		6DC73FA71F9BF9350064E5AC /* AppDelegate.swift */ = {isa = PBXFileReference; lastKnownFileType = sourcecode.swift; path = AppDelegate.swift; sourceTree = "<group>"; };
		6DC73FA91F9BF9350064E5AC /* ViewController.swift */ = {isa = PBXFileReference; lastKnownFileType = sourcecode.swift; path = ViewController.swift; sourceTree = "<group>"; };
		6DC73FAC1F9BF9350064E5AC /* Base */ = {isa = PBXFileReference; lastKnownFileType = file.storyboard; name = Base; path = Base.lproj/Main.storyboard; sourceTree = "<group>"; };
		6DC73FAE1F9BF9350064E5AC /* Assets.xcassets */ = {isa = PBXFileReference; lastKnownFileType = folder.assetcatalog; path = Assets.xcassets; sourceTree = "<group>"; };
		6DC73FB11F9BF9350064E5AC /* Base */ = {isa = PBXFileReference; lastKnownFileType = file.storyboard; name = Base; path = Base.lproj/LaunchScreen.storyboard; sourceTree = "<group>"; };
		6DC73FB31F9BF9350064E5AC /* Info.plist */ = {isa = PBXFileReference; lastKnownFileType = text.plist.xml; path = Info.plist; sourceTree = "<group>"; };
		6DC73FB81F9BF9350064E5AC /* PhotoramaTests.xctest */ = {isa = PBXFileReference; explicitFileType = wrapper.cfbundle; includeInIndex = 0; path = PhotoramaTests.xctest; sourceTree = BUILT_PRODUCTS_DIR; };
		6DC73FBC1F9BF9350064E5AC /* PhotoramaTests.swift */ = {isa = PBXFileReference; lastKnownFileType = sourcecode.swift; path = PhotoramaTests.swift; sourceTree = "<group>"; };
		6DC73FBE1F9BF9350064E5AC /* Info.plist */ = {isa = PBXFileReference; lastKnownFileType = text.plist.xml; path = Info.plist; sourceTree = "<group>"; };
		6DC73FC31F9BF9350064E5AC /* PhotoramaUITests.xctest */ = {isa = PBXFileReference; explicitFileType = wrapper.cfbundle; includeInIndex = 0; path = PhotoramaUITests.xctest; sourceTree = BUILT_PRODUCTS_DIR; };
		6DC73FC71F9BF9350064E5AC /* PhotoramaUITests.swift */ = {isa = PBXFileReference; lastKnownFileType = sourcecode.swift; path = PhotoramaUITests.swift; sourceTree = "<group>"; };
		6DC73FC91F9BF9350064E5AC /* Info.plist */ = {isa = PBXFileReference; lastKnownFileType = text.plist.xml; path = Info.plist; sourceTree = "<group>"; };
/* End PBXFileReference section */

/* Begin PBXFrameworksBuildPhase section */
		6DC73FA11F9BF9350064E5AC /* Frameworks */ = {
			isa = PBXFrameworksBuildPhase;
			buildActionMask = 2147483647;
			files = (
			);
			runOnlyForDeploymentPostprocessing = 0;
		};
		6DC73FB51F9BF9350064E5AC /* Frameworks */ = {
			isa = PBXFrameworksBuildPhase;
			buildActionMask = 2147483647;
			files = (
			);
			runOnlyForDeploymentPostprocessing = 0;
		};
		6DC73FC01F9BF9350064E5AC /* Frameworks */ = {
			isa = PBXFrameworksBuildPhase;
			buildActionMask = 2147483647;
			files = (
			);
			runOnlyForDeploymentPostprocessing = 0;
		};
/* End PBXFrameworksBuildPhase section */

/* Begin PBXGroup section */
		6DC73F9B1F9BF9350064E5AC = {
			isa = PBXGroup;
			children = (
				6DC73FA61F9BF9350064E5AC /* Photorama */,
				6DC73FBB1F9BF9350064E5AC /* PhotoramaTests */,
				6DC73FC61F9BF9350064E5AC /* PhotoramaUITests */,
				6DC73FA51F9BF9350064E5AC /* Products */,
			);
			sourceTree = "<group>";
		};
		6DC73FA51F9BF9350064E5AC /* Products */ = {
			isa = PBXGroup;
			children = (
				6DC73FA41F9BF9350064E5AC /* Photorama.app */,
				6DC73FB81F9BF9350064E5AC /* PhotoramaTests.xctest */,
				6DC73FC31F9BF9350064E5AC /* PhotoramaUITests.xctest */,
			);
			name = Products;
			sourceTree = "<group>";
		};
		6DC73FA61F9BF9350064E5AC /* Photorama */ = {
			isa = PBXGroup;
			children = (
				6DC73FA71F9BF9350064E5AC /* AppDelegate.swift */,
				6DC73FA91F9BF9350064E5AC /* ViewController.swift */,
				6DC73FAB1F9BF9350064E5AC /* Main.storyboard */,
				6DC73FAE1F9BF9350064E5AC /* Assets.xcassets */,
				6DC73FB01F9BF9350064E5AC /* LaunchScreen.storyboard */,
				6DC73FB31F9BF9350064E5AC /* Info.plist */,
			);
			path = Photorama;
			sourceTree = "<group>";
		};
		6DC73FBB1F9BF9350064E5AC /* PhotoramaTests */ = {
			isa = PBXGroup;
			children = (
				6DC73FBC1F9BF9350064E5AC /* PhotoramaTests.swift */,
				6DC73FBE1F9BF9350064E5AC /* Info.plist */,
			);
			path = PhotoramaTests;
			sourceTree = "<group>";
		};
		6DC73FC61F9BF9350064E5AC /* PhotoramaUITests */ = {
			isa = PBXGroup;
			children = (
				6DC73FC71F9BF9350064E5AC /* PhotoramaUITests.swift */,
				6DC73FC91F9BF9350064E5AC /* Info.plist */,
			);
			path = PhotoramaUITests;
			sourceTree = "<group>";
		};
/* End PBXGroup section */

/* Begin PBXNativeTarget section */
		6DC73FA31F9BF9350064E5AC /* Photorama */ = {
			isa = PBXNativeTarget;
			buildConfigurationList = 6DC73FCC1F9BF9350064E5AC /* Build configuration list for PBXNativeTarget "Photorama" */;
			buildPhases = (
				6DC73FA01F9BF9350064E5AC /* Sources */,
				6DC73FA11F9BF9350064E5AC /* Frameworks */,
				6DC73FA21F9BF9350064E5AC /* Resources */,
			);
			buildRules = (
			);
			dependencies = (
			);
			name = Photorama;
			productName = Photorama;
			productReference = 6DC73FA41F9BF9350064E5AC /* Photorama.app */;
			productType = "com.apple.product-type.application";
		};
		6DC73FB71F9BF9350064E5AC /* PhotoramaTests */ = {
			isa = PBXNativeTarget;
			buildConfigurationList = 6DC73FCF1F9BF9350064E5AC /* Build configuration list for PBXNativeTarget "PhotoramaTests" */;
			buildPhases = (
				6DC73FB41F9BF9350064E5AC /* Sources */,
				6DC73FB51F9BF9350064E5AC /* Frameworks */,
				6DC73FB61F9BF9350064E5AC /* Resources */,
			);
			buildRules = (
			);
			dependencies = (
				6DC73FBA1F9BF9350064E5AC /* PBXTargetDependency */,
			);
			name = PhotoramaTests;
			productName = PhotoramaTests;
			productReference = 6DC73FB81F9BF9350064E5AC /* PhotoramaTests.xctest */;
			productType = "com.apple.product-type.bundle.unit-test";
		};
		6DC73FC21F9BF9350064E5AC /* PhotoramaUITests */ = {
			isa = PBXNativeTarget;
			buildConfigurationList = 6DC73FD21F9BF9350064E5AC /* Build configuration list for PBXNativeTarget "PhotoramaUITests" */;
			buildPhases = (
				6DC73FBF1F9BF9350064E5AC /* Sources */,
				6DC73FC01F9BF9350064E5AC /* Frameworks */,
				6DC73FC11F9BF9350064E5AC /* Resources */,
			);
			buildRules = (
			);
			dependencies = (
				6DC73FC51F9BF9350064E5AC /* PBXTargetDependency */,
			);
			name = PhotoramaUITests;
			productName = PhotoramaUITests;
			productReference = 6DC73FC31F9BF9350064E5AC /* PhotoramaUITests.xctest */;
			productType = "com.apple.product-type.bundle.ui-testing";
		};
/* End PBXNativeTarget section */

/* Begin PBXProject section */
		6DC73F9C1F9BF9350064E5AC /* Project object */ = {
			isa = PBXProject;
			attributes = {
				LastSwiftUpdateCheck = 0900;
				LastUpgradeCheck = 0900;
				ORGANIZATIONNAME = "Danny Espina";
				TargetAttributes = {
					6DC73FA31F9BF9350064E5AC = {
						CreatedOnToolsVersion = 9.0.1;
						ProvisioningStyle = Automatic;
					};
					6DC73FB71F9BF9350064E5AC = {
						CreatedOnToolsVersion = 9.0.1;
						ProvisioningStyle = Automatic;
						TestTargetID = 6DC73FA31F9BF9350064E5AC;
					};
					6DC73FC21F9BF9350064E5AC = {
						CreatedOnToolsVersion = 9.0.1;
						ProvisioningStyle = Automatic;
						TestTargetID = 6DC73FA31F9BF9350064E5AC;
					};
				};
			};
			buildConfigurationList = 6DC73F9F1F9BF9350064E5AC /* Build configuration list for PBXProject "Photorama" */;
			compatibilityVersion = "Xcode 8.0";
			developmentRegion = en;
			hasScannedForEncodings = 0;
			knownRegions = (
				en,
				Base,
			);
			mainGroup = 6DC73F9B1F9BF9350064E5AC;
			productRefGroup = 6DC73FA51F9BF9350064E5AC /* Products */;
			projectDirPath = "";
			projectRoot = "";
			targets = (
				6DC73FA31F9BF9350064E5AC /* Photorama */,
				6DC73FB71F9BF9350064E5AC /* PhotoramaTests */,
				6DC73FC21F9BF9350064E5AC /* PhotoramaUITests */,
			);
		};
/* End PBXProject section */

/* Begin PBXResourcesBuildPhase section */
		6DC73FA21F9BF9350064E5AC /* Resources */ = {
			isa = PBXResourcesBuildPhase;
			buildActionMask = 2147483647;
			files = (
				6DC73FB21F9BF9350064E5AC /* LaunchScreen.storyboard in Resources */,
				6DC73FAF1F9BF9350064E5AC /* Assets.xcassets in Resources */,
				6DC73FAD1F9BF9350064E5AC /* Main.storyboard in Resources */,
			);
			runOnlyForDeploymentPostprocessing = 0;
		};
		6DC73FB61F9BF9350064E5AC /* Resources */ = {
			isa = PBXResourcesBuildPhase;
			buildActionMask = 2147483647;
			files = (
			);
			runOnlyForDeploymentPostprocessing = 0;
		};
		6DC73FC11F9BF9350064E5AC /* Resources */ = {
			isa = PBXResourcesBuildPhase;
			buildActionMask = 2147483647;
			files = (
			);
			runOnlyForDeploymentPostprocessing = 0;
		};
/* End PBXResourcesBuildPhase section */

/* Begin PBXSourcesBuildPhase section */
		6DC73FA01F9BF9350064E5AC /* Sources */ = {
			isa = PBXSourcesBuildPhase;
			buildActionMask = 2147483647;
			files = (
				6DC73FAA1F9BF9350064E5AC /* ViewController.swift in Sources */,
				6DC73FA81F9BF9350064E5AC /* AppDelegate.swift in Sources */,
			);
			runOnlyForDeploymentPostprocessing = 0;
		};
		6DC73FB41F9BF9350064E5AC /* Sources */ = {
			isa = PBXSourcesBuildPhase;
			buildActionMask = 2147483647;
			files = (
				6DC73FBD1F9BF9350064E5AC /* PhotoramaTests.swift in Sources */,
			);
			runOnlyForDeploymentPostprocessing = 0;
		};
		6DC73FBF1F9BF9350064E5AC /* Sources */ = {
			isa = PBXSourcesBuildPhase;
			buildActionMask = 2147483647;
			files = (
				6DC73FC81F9BF9350064E5AC /* PhotoramaUITests.swift in Sources */,
			);
			runOnlyForDeploymentPostprocessing = 0;
		};
/* End PBXSourcesBuildPhase section */

/* Begin PBXTargetDependency section */
		6DC73FBA1F9BF9350064E5AC /* PBXTargetDependency */ = {
			isa = PBXTargetDependency;
			target = 6DC73FA31F9BF9350064E5AC /* Photorama */;
			targetProxy = 6DC73FB91F9BF9350064E5AC /* PBXContainerItemProxy */;
		};
		6DC73FC51F9BF9350064E5AC /* PBXTargetDependency */ = {
			isa = PBXTargetDependency;
			target = 6DC73FA31F9BF9350064E5AC /* Photorama */;
			targetProxy = 6DC73FC41F9BF9350064E5AC /* PBXContainerItemProxy */;
		};
/* End PBXTargetDependency section */

/* Begin PBXVariantGroup section */
		6DC73FAB1F9BF9350064E5AC /* Main.storyboard */ = {
			isa = PBXVariantGroup;
			children = (
				6DC73FAC1F9BF9350064E5AC /* Base */,
			);
			name = Main.storyboard;
			sourceTree = "<group>";
		};
		6DC73FB01F9BF9350064E5AC /* LaunchScreen.storyboard */ = {
			isa = PBXVariantGroup;
			children = (
				6DC73FB11F9BF9350064E5AC /* Base */,
			);
			name = LaunchScreen.storyboard;
			sourceTree = "<group>";
		};
/* End PBXVariantGroup section */

/* Begin XCBuildConfiguration section */
		6DC73FCA1F9BF9350064E5AC /* Debug */ = {
			isa = XCBuildConfiguration;
			buildSettings = {
				ALWAYS_SEARCH_USER_PATHS = NO;
				CLANG_ANALYZER_NONNULL = YES;
				CLANG_ANALYZER_NUMBER_OBJECT_CONVERSION = YES_AGGRESSIVE;
				CLANG_CXX_LANGUAGE_STANDARD = "gnu++14";
				CLANG_CXX_LIBRARY = "libc++";
				CLANG_ENABLE_MODULES = YES;
				CLANG_ENABLE_OBJC_ARC = YES;
				CLANG_WARN_BLOCK_CAPTURE_AUTORELEASING = YES;
				CLANG_WARN_BOOL_CONVERSION = YES;
				CLANG_WARN_COMMA = YES;
				CLANG_WARN_CONSTANT_CONVERSION = YES;
				CLANG_WARN_DIRECT_OBJC_ISA_USAGE = YES_ERROR;
				CLANG_WARN_DOCUMENTATION_COMMENTS = YES;
				CLANG_WARN_EMPTY_BODY = YES;
				CLANG_WARN_ENUM_CONVERSION = YES;
				CLANG_WARN_INFINITE_RECURSION = YES;
				CLANG_WARN_INT_CONVERSION = YES;
				CLANG_WARN_NON_LITERAL_NULL_CONVERSION = YES;
				CLANG_WARN_OBJC_LITERAL_CONVERSION = YES;
				CLANG_WARN_OBJC_ROOT_CLASS = YES_ERROR;
				CLANG_WARN_RANGE_LOOP_ANALYSIS = YES;
				CLANG_WARN_STRICT_PROTOTYPES = YES;
				CLANG_WARN_SUSPICIOUS_MOVE = YES;
				CLANG_WARN_UNGUARDED_AVAILABILITY = YES_AGGRESSIVE;
				CLANG_WARN_UNREACHABLE_CODE = YES;
				CLANG_WARN__DUPLICATE_METHOD_MATCH = YES;
				CODE_SIGN_IDENTITY = "iPhone Developer";
				COPY_PHASE_STRIP = NO;
				DEBUG_INFORMATION_FORMAT = dwarf;
				ENABLE_STRICT_OBJC_MSGSEND = YES;
				ENABLE_TESTABILITY = YES;
				GCC_C_LANGUAGE_STANDARD = gnu11;
				GCC_DYNAMIC_NO_PIC = NO;
				GCC_NO_COMMON_BLOCKS = YES;
				GCC_OPTIMIZATION_LEVEL = 0;
				GCC_PREPROCESSOR_DEFINITIONS = (
					"DEBUG=1",
					"$(inherited)",
				);
				GCC_WARN_64_TO_32_BIT_CONVERSION = YES;
				GCC_WARN_ABOUT_RETURN_TYPE = YES_ERROR;
				GCC_WARN_UNDECLARED_SELECTOR = YES;
				GCC_WARN_UNINITIALIZED_AUTOS = YES_AGGRESSIVE;
				GCC_WARN_UNUSED_FUNCTION = YES;
				GCC_WARN_UNUSED_VARIABLE = YES;
				IPHONEOS_DEPLOYMENT_TARGET = 11.0;
				MTL_ENABLE_DEBUG_INFO = YES;
				ONLY_ACTIVE_ARCH = YES;
				SDKROOT = iphoneos;
				SWIFT_ACTIVE_COMPILATION_CONDITIONS = DEBUG;
				SWIFT_OPTIMIZATION_LEVEL = "-Onone";
			};
			name = Debug;
		};
		6DC73FCB1F9BF9350064E5AC /* Release */ = {
			isa = XCBuildConfiguration;
			buildSettings = {
				ALWAYS_SEARCH_USER_PATHS = NO;
				CLANG_ANALYZER_NONNULL = YES;
				CLANG_ANALYZER_NUMBER_OBJECT_CONVERSION = YES_AGGRESSIVE;
				CLANG_CXX_LANGUAGE_STANDARD = "gnu++14";
				CLANG_CXX_LIBRARY = "libc++";
				CLANG_ENABLE_MODULES = YES;
				CLANG_ENABLE_OBJC_ARC = YES;
				CLANG_WARN_BLOCK_CAPTURE_AUTORELEASING = YES;
				CLANG_WARN_BOOL_CONVERSION = YES;
				CLANG_WARN_COMMA = YES;
				CLANG_WARN_CONSTANT_CONVERSION = YES;
				CLANG_WARN_DIRECT_OBJC_ISA_USAGE = YES_ERROR;
				CLANG_WARN_DOCUMENTATION_COMMENTS = YES;
				CLANG_WARN_EMPTY_BODY = YES;
				CLANG_WARN_ENUM_CONVERSION = YES;
				CLANG_WARN_INFINITE_RECURSION = YES;
				CLANG_WARN_INT_CONVERSION = YES;
				CLANG_WARN_NON_LITERAL_NULL_CONVERSION = YES;
				CLANG_WARN_OBJC_LITERAL_CONVERSION = YES;
				CLANG_WARN_OBJC_ROOT_CLASS = YES_ERROR;
				CLANG_WARN_RANGE_LOOP_ANALYSIS = YES;
				CLANG_WARN_STRICT_PROTOTYPES = YES;
				CLANG_WARN_SUSPICIOUS_MOVE = YES;
				CLANG_WARN_UNGUARDED_AVAILABILITY = YES_AGGRESSIVE;
				CLANG_WARN_UNREACHABLE_CODE = YES;
				CLANG_WARN__DUPLICATE_METHOD_MATCH = YES;
				CODE_SIGN_IDENTITY = "iPhone Developer";
				COPY_PHASE_STRIP = NO;
				DEBUG_INFORMATION_FORMAT = "dwarf-with-dsym";
				ENABLE_NS_ASSERTIONS = NO;
				ENABLE_STRICT_OBJC_MSGSEND = YES;
				GCC_C_LANGUAGE_STANDARD = gnu11;
				GCC_NO_COMMON_BLOCKS = YES;
				GCC_WARN_64_TO_32_BIT_CONVERSION = YES;
				GCC_WARN_ABOUT_RETURN_TYPE = YES_ERROR;
				GCC_WARN_UNDECLARED_SELECTOR = YES;
				GCC_WARN_UNINITIALIZED_AUTOS = YES_AGGRESSIVE;
				GCC_WARN_UNUSED_FUNCTION = YES;
				GCC_WARN_UNUSED_VARIABLE = YES;
				IPHONEOS_DEPLOYMENT_TARGET = 11.0;
				MTL_ENABLE_DEBUG_INFO = NO;
				SDKROOT = iphoneos;
				SWIFT_OPTIMIZATION_LEVEL = "-Owholemodule";
				VALIDATE_PRODUCT = YES;
			};
			name = Release;
		};
		6DC73FCD1F9BF9350064E5AC /* Debug */ = {
			isa = XCBuildConfiguration;
			buildSettings = {
				ASSETCATALOG_COMPILER_APPICON_NAME = AppIcon;
				CODE_SIGN_STYLE = Automatic;
				DEVELOPMENT_TEAM = 3YUW7M5MK8;
				INFOPLIST_FILE = Photorama/Info.plist;
				LD_RUNPATH_SEARCH_PATHS = "$(inherited) @executable_path/Frameworks";
				PRODUCT_BUNDLE_IDENTIFIER = dannyespina.Photorama;
				PRODUCT_NAME = "$(TARGET_NAME)";
				SWIFT_VERSION = 4.0;
				TARGETED_DEVICE_FAMILY = "1,2";
			};
			name = Debug;
		};
		6DC73FCE1F9BF9350064E5AC /* Release */ = {
			isa = XCBuildConfiguration;
			buildSettings = {
				ASSETCATALOG_COMPILER_APPICON_NAME = AppIcon;
				CODE_SIGN_STYLE = Automatic;
				DEVELOPMENT_TEAM = 3YUW7M5MK8;
				INFOPLIST_FILE = Photorama/Info.plist;
				LD_RUNPATH_SEARCH_PATHS = "$(inherited) @executable_path/Frameworks";
				PRODUCT_BUNDLE_IDENTIFIER = dannyespina.Photorama;
				PRODUCT_NAME = "$(TARGET_NAME)";
				SWIFT_VERSION = 4.0;
				TARGETED_DEVICE_FAMILY = "1,2";
			};
			name = Release;
		};
		6DC73FD01F9BF9350064E5AC /* Debug */ = {
			isa = XCBuildConfiguration;
			buildSettings = {
				ALWAYS_EMBED_SWIFT_STANDARD_LIBRARIES = YES;
				BUNDLE_LOADER = "$(TEST_HOST)";
				CODE_SIGN_STYLE = Automatic;
				DEVELOPMENT_TEAM = 3YUW7M5MK8;
				INFOPLIST_FILE = PhotoramaTests/Info.plist;
				LD_RUNPATH_SEARCH_PATHS = "$(inherited) @executable_path/Frameworks @loader_path/Frameworks";
				PRODUCT_BUNDLE_IDENTIFIER = dannyespina.PhotoramaTests;
				PRODUCT_NAME = "$(TARGET_NAME)";
				SWIFT_VERSION = 4.0;
				TARGETED_DEVICE_FAMILY = "1,2";
				TEST_HOST = "$(BUILT_PRODUCTS_DIR)/Photorama.app/Photorama";
			};
			name = Debug;
		};
		6DC73FD11F9BF9350064E5AC /* Release */ = {
			isa = XCBuildConfiguration;
			buildSettings = {
				ALWAYS_EMBED_SWIFT_STANDARD_LIBRARIES = YES;
				BUNDLE_LOADER = "$(TEST_HOST)";
				CODE_SIGN_STYLE = Automatic;
				DEVELOPMENT_TEAM = 3YUW7M5MK8;
				INFOPLIST_FILE = PhotoramaTests/Info.plist;
				LD_RUNPATH_SEARCH_PATHS = "$(inherited) @executable_path/Frameworks @loader_path/Frameworks";
				PRODUCT_BUNDLE_IDENTIFIER = dannyespina.PhotoramaTests;
				PRODUCT_NAME = "$(TARGET_NAME)";
				SWIFT_VERSION = 4.0;
				TARGETED_DEVICE_FAMILY = "1,2";
				TEST_HOST = "$(BUILT_PRODUCTS_DIR)/Photorama.app/Photorama";
			};
			name = Release;
		};
		6DC73FD31F9BF9350064E5AC /* Debug */ = {
			isa = XCBuildConfiguration;
			buildSettings = {
				ALWAYS_EMBED_SWIFT_STANDARD_LIBRARIES = YES;
				CODE_SIGN_STYLE = Automatic;
				DEVELOPMENT_TEAM = 3YUW7M5MK8;
				INFOPLIST_FILE = PhotoramaUITests/Info.plist;
				LD_RUNPATH_SEARCH_PATHS = "$(inherited) @executable_path/Frameworks @loader_path/Frameworks";
				PRODUCT_BUNDLE_IDENTIFIER = dannyespina.PhotoramaUITests;
				PRODUCT_NAME = "$(TARGET_NAME)";
				SWIFT_VERSION = 4.0;
				TARGETED_DEVICE_FAMILY = "1,2";
				TEST_TARGET_NAME = Photorama;
			};
			name = Debug;
		};
		6DC73FD41F9BF9350064E5AC /* Release */ = {
			isa = XCBuildConfiguration;
			buildSettings = {
				ALWAYS_EMBED_SWIFT_STANDARD_LIBRARIES = YES;
				CODE_SIGN_STYLE = Automatic;
				DEVELOPMENT_TEAM = 3YUW7M5MK8;
				INFOPLIST_FILE = PhotoramaUITests/Info.plist;
				LD_RUNPATH_SEARCH_PATHS = "$(inherited) @executable_path/Frameworks @loader_path/Frameworks";
				PRODUCT_BUNDLE_IDENTIFIER = dannyespina.PhotoramaUITests;
				PRODUCT_NAME = "$(TARGET_NAME)";
				SWIFT_VERSION = 4.0;
				TARGETED_DEVICE_FAMILY = "1,2";
				TEST_TARGET_NAME = Photorama;
			};
			name = Release;
		};
/* End XCBuildConfiguration section */

/* Begin XCConfigurationList section */
		6DC73F9F1F9BF9350064E5AC /* Build configuration list for PBXProject "Photorama" */ = {
			isa = XCConfigurationList;
			buildConfigurations = (
				6DC73FCA1F9BF9350064E5AC /* Debug */,
				6DC73FCB1F9BF9350064E5AC /* Release */,
			);
			defaultConfigurationIsVisible = 0;
			defaultConfigurationName = Release;
		};
		6DC73FCC1F9BF9350064E5AC /* Build configuration list for PBXNativeTarget "Photorama" */ = {
			isa = XCConfigurationList;
			buildConfigurations = (
				6DC73FCD1F9BF9350064E5AC /* Debug */,
				6DC73FCE1F9BF9350064E5AC /* Release */,
			);
			defaultConfigurationIsVisible = 0;
			defaultConfigurationName = Release;
		};
		6DC73FCF1F9BF9350064E5AC /* Build configuration list for PBXNativeTarget "PhotoramaTests" */ = {
			isa = XCConfigurationList;
			buildConfigurations = (
				6DC73FD01F9BF9350064E5AC /* Debug */,
				6DC73FD11F9BF9350064E5AC /* Release */,
			);
			defaultConfigurationIsVisible = 0;
			defaultConfigurationName = Release;
		};
		6DC73FD21F9BF9350064E5AC /* Build configuration list for PBXNativeTarget "PhotoramaUITests" */ = {
			isa = XCConfigurationList;
			buildConfigurations = (
				6DC73FD31F9BF9350064E5AC /* Debug */,
				6DC73FD41F9BF9350064E5AC /* Release */,
			);
			defaultConfigurationIsVisible = 0;
			defaultConfigurationName = Release;
		};
/* End XCConfigurationList section */
	};
	rootObject = 6DC73F9C1F9BF9350064E5AC /* Project object */;
}
